{
  "name": "root",
  "lockfileVersion": 3,
  "requires": true,
  "packages": {
    "": {
      "name": "root",
      "dependencies": {
        "expo-secure-store": "^56.0.4"
      }
    },
    "node_modules/expo-secure-store": {
      "version": "56.0.4",
      "resolved": "https://registry.npmjs.org/expo-secure-store/-/expo-secure-store-56.0.4.tgz",
      "integrity": "sha512-hjEi/gmpdFFJ9lYbdp3k3p/WchV7Gi0Qt8jt/m/0WJadqQrskafHAlDxbZkII1cN3Yd7zp9Lvkeq3UfGhSwirQ==",
      "license": "MIT",
      "peerDependencies": {
        "expo": "*"
      }
    }
  }
}
